{
  "name": "monorepo-subox",
  "lockfileVersion": 3,
  "requires": true,
  "packages": {
    "": {
      "name": "monorepo-subox",
      "workspaces": [
        "packages/*"
      ],
      "dependencies": {
        "monorepo-subox": "file:"
      }
    },
    "node_modules/monorepo-subox": {
      "resolved": "",
      "link": true
    }
  }
}
